# This file is automatically @generated by Cargo.
# It is not intended for manual editing.
version = 4

[[package]]
name = "app-services"
version = "0.1.0"
dependencies = [
 "capture-engine",
 "file-io",
 "filter-engine",
 "parser-core",
 "session-model",
]

[[package]]
name = "capture-engine"
version = "0.1.0"

[[package]]
name = "file-io"
version = "0.1.0"
dependencies = [
 "session-model",
]

[[package]]
name = "filter-engine"
version = "0.1.0"
dependencies = [
 "session-model",
]

[[package]]
name = "icesniff-cli"
version = "0.1.0"
dependencies = [
 "app-services",
 "output-formatters",
 "session-model",
]

[[package]]
name = "output-formatters"
version = "0.1.0"
dependencies = [
 "session-model",
]

[[package]]
name = "parser-core"
version = "0.1.0"
dependencies = [
 "filter-engine",
 "protocol-dissectors",
 "session-model",
]

[[package]]
name = "protocol-dissectors"
version = "0.1.0"
dependencies = [
 "session-model",
]

[[package]]
name = "session-model"
version = "0.1.0"
